// !$*UTF8*$!
{
	archiveVersion = 1;
	classes = {
	};
	objectVersion = 56;
	objects = {

/* Begin PBXBuildFile section */
		66B8AE4029B5FCF000B68C71 /* RMLocation.swift in Sources */ = {isa = PBXBuildFile; fileRef = 66B8AE3F29B5FCF000B68C71 /* RMLocation.swift */; };
		66B8AE4229B5FD1100B68C71 /* RMCharacters.swift in Sources */ = {isa = PBXBuildFile; fileRef = 66B8AE4129B5FD1100B68C71 /* RMCharacters.swift */; };
		66B8AE4429B5FD2800B68C71 /* RMEpisode.swift in Sources */ = {isa = PBXBuildFile; fileRef = 66B8AE4329B5FD2800B68C71 /* RMEpisode.swift */; };
		66B8AE4729B5FF3900B68C71 /* RMCharacterViewController.swift in Sources */ = {isa = PBXBuildFile; fileRef = 66B8AE4629B5FF3900B68C71 /* RMCharacterViewController.swift */; };
		66B8AE4929B5FFAF00B68C71 /* RMLocationViewController.swift in Sources */ = {isa = PBXBuildFile; fileRef = 66B8AE4829B5FFAF00B68C71 /* RMLocationViewController.swift */; };
		66B8AE4B29B5FFBF00B68C71 /* RMEpisodeViewController.swift in Sources */ = {isa = PBXBuildFile; fileRef = 66B8AE4A29B5FFBF00B68C71 /* RMEpisodeViewController.swift */; };
		66B8AE4D29B5FFEC00B68C71 /* RMSettingsViewController.swift in Sources */ = {isa = PBXBuildFile; fileRef = 66B8AE4C29B5FFEC00B68C71 /* RMSettingsViewController.swift */; };
		66BB849529B5F145000BD7B7 /* AppDelegate.swift in Sources */ = {isa = PBXBuildFile; fileRef = 66BB849429B5F145000BD7B7 /* AppDelegate.swift */; };
		66BB849729B5F145000BD7B7 /* SceneDelegate.swift in Sources */ = {isa = PBXBuildFile; fileRef = 66BB849629B5F145000BD7B7 /* SceneDelegate.swift */; };
		66BB849929B5F145000BD7B7 /* RMTabBarViewController.swift in Sources */ = {isa = PBXBuildFile; fileRef = 66BB849829B5F145000BD7B7 /* RMTabBarViewController.swift */; };
		66BB849E29B5F148000BD7B7 /* Assets.xcassets in Resources */ = {isa = PBXBuildFile; fileRef = 66BB849D29B5F148000BD7B7 /* Assets.xcassets */; };
		66BB84A129B5F148000BD7B7 /* LaunchScreen.storyboard in Resources */ = {isa = PBXBuildFile; fileRef = 66BB849F29B5F148000BD7B7 /* LaunchScreen.storyboard */; };
/* End PBXBuildFile section */

/* Begin PBXFileReference section */
		66B8AE3F29B5FCF000B68C71 /* RMLocation.swift */ = {isa = PBXFileReference; lastKnownFileType = sourcecode.swift; path = RMLocation.swift; sourceTree = "<group>"; };
		66B8AE4129B5FD1100B68C71 /* RMCharacters.swift */ = {isa = PBXFileReference; lastKnownFileType = sourcecode.swift; path = RMCharacters.swift; sourceTree = "<group>"; };
		66B8AE4329B5FD2800B68C71 /* RMEpisode.swift */ = {isa = PBXFileReference; lastKnownFileType = sourcecode.swift; path = RMEpisode.swift; sourceTree = "<group>"; };
		66B8AE4629B5FF3900B68C71 /* RMCharacterViewController.swift */ = {isa = PBXFileReference; lastKnownFileType = sourcecode.swift; path = RMCharacterViewController.swift; sourceTree = "<group>"; };
		66B8AE4829B5FFAF00B68C71 /* RMLocationViewController.swift */ = {isa = PBXFileReference; lastKnownFileType = sourcecode.swift; path = RMLocationViewController.swift; sourceTree = "<group>"; };
		66B8AE4A29B5FFBF00B68C71 /* RMEpisodeViewController.swift */ = {isa = PBXFileReference; lastKnownFileType = sourcecode.swift; path = RMEpisodeViewController.swift; sourceTree = "<group>"; };
		66B8AE4C29B5FFEC00B68C71 /* RMSettingsViewController.swift */ = {isa = PBXFileReference; lastKnownFileType = sourcecode.swift; path = RMSettingsViewController.swift; sourceTree = "<group>"; };
		66BB849129B5F145000BD7B7 /* RickAndMorty.app */ = {isa = PBXFileReference; explicitFileType = wrapper.application; includeInIndex = 0; path = RickAndMorty.app; sourceTree = BUILT_PRODUCTS_DIR; };
		66BB849429B5F145000BD7B7 /* AppDelegate.swift */ = {isa = PBXFileReference; lastKnownFileType = sourcecode.swift; path = AppDelegate.swift; sourceTree = "<group>"; };
		66BB849629B5F145000BD7B7 /* SceneDelegate.swift */ = {isa = PBXFileReference; lastKnownFileType = sourcecode.swift; path = SceneDelegate.swift; sourceTree = "<group>"; };
		66BB849829B5F145000BD7B7 /* RMTabBarViewController.swift */ = {isa = PBXFileReference; lastKnownFileType = sourcecode.swift; path = RMTabBarViewController.swift; sourceTree = "<group>"; };
		66BB849D29B5F148000BD7B7 /* Assets.xcassets */ = {isa = PBXFileReference; lastKnownFileType = folder.assetcatalog; path = Assets.xcassets; sourceTree = "<group>"; };
		66BB84A029B5F148000BD7B7 /* Base */ = {isa = PBXFileReference; lastKnownFileType = file.storyboard; name = Base; path = Base.lproj/LaunchScreen.storyboard; sourceTree = "<group>"; };
		66BB84A229B5F148000BD7B7 /* Info.plist */ = {isa = PBXFileReference; lastKnownFileType = text.plist.xml; path = Info.plist; sourceTree = "<group>"; };
/* End PBXFileReference section */

/* Begin PBXFrameworksBuildPhase section */
		66BB848E29B5F145000BD7B7 /* Frameworks */ = {
			isa = PBXFrameworksBuildPhase;
			buildActionMask = 2147483647;
			files = (
			);
			runOnlyForDeploymentPostprocessing = 0;
		};
/* End PBXFrameworksBuildPhase section */

/* Begin PBXGroup section */
		66B8AE3829B5FB5D00B68C71 /* Models */ = {
			isa = PBXGroup;
			children = (
				66B8AE3F29B5FCF000B68C71 /* RMLocation.swift */,
				66B8AE4129B5FD1100B68C71 /* RMCharacters.swift */,
				66B8AE4329B5FD2800B68C71 /* RMEpisode.swift */,
			);
			path = Models;
			sourceTree = "<group>";
		};
		66B8AE3929B5FB6800B68C71 /* ViewModels */ = {
			isa = PBXGroup;
			children = (
			);
			path = ViewModels;
			sourceTree = "<group>";
		};
		66B8AE3A29B5FB7B00B68C71 /* Views */ = {
			isa = PBXGroup;
			children = (
			);
			path = Views;
			sourceTree = "<group>";
		};
		66B8AE3B29B5FB8D00B68C71 /* Controllers */ = {
			isa = PBXGroup;
			children = (
				66B8AE4529B5FEC200B68C71 /* Core */,
			);
			path = Controllers;
			sourceTree = "<group>";
		};
		66B8AE3C29B5FBA700B68C71 /* ApiClient */ = {
			isa = PBXGroup;
			children = (
			);
			path = ApiClient;
			sourceTree = "<group>";
		};
		66B8AE3D29B5FBD000B68C71 /* Managers */ = {
			isa = PBXGroup;
			children = (
			);
			path = Managers;
			sourceTree = "<group>";
		};
		66B8AE3E29B5FBDC00B68C71 /* Resources */ = {
			isa = PBXGroup;
			children = (
				66BB849D29B5F148000BD7B7 /* Assets.xcassets */,
				66BB849F29B5F148000BD7B7 /* LaunchScreen.storyboard */,
				66BB849429B5F145000BD7B7 /* AppDelegate.swift */,
				66BB849629B5F145000BD7B7 /* SceneDelegate.swift */,
			);
			path = Resources;
			sourceTree = "<group>";
		};
		66B8AE4529B5FEC200B68C71 /* Core */ = {
			isa = PBXGroup;
			children = (
				66BB849829B5F145000BD7B7 /* RMTabBarViewController.swift */,
				66B8AE4629B5FF3900B68C71 /* RMCharacterViewController.swift */,
				66B8AE4829B5FFAF00B68C71 /* RMLocationViewController.swift */,
				66B8AE4A29B5FFBF00B68C71 /* RMEpisodeViewController.swift */,
				66B8AE4C29B5FFEC00B68C71 /* RMSettingsViewController.swift */,
			);
			path = Core;
			sourceTree = "<group>";
		};
		66BB848829B5F145000BD7B7 = {
			isa = PBXGroup;
			children = (
				66BB849329B5F145000BD7B7 /* RickAndMorty */,
				66BB849229B5F145000BD7B7 /* Products */,
			);
			sourceTree = "<group>";
		};
		66BB849229B5F145000BD7B7 /* Products */ = {
			isa = PBXGroup;
			children = (
				66BB849129B5F145000BD7B7 /* RickAndMorty.app */,
			);
			name = Products;
			sourceTree = "<group>";
		};
		66BB849329B5F145000BD7B7 /* RickAndMorty */ = {
			isa = PBXGroup;
			children = (
				66B8AE3E29B5FBDC00B68C71 /* Resources */,
				66B8AE3D29B5FBD000B68C71 /* Managers */,
				66B8AE3C29B5FBA700B68C71 /* ApiClient */,
				66B8AE3929B5FB6800B68C71 /* ViewModels */,
				66B8AE3A29B5FB7B00B68C71 /* Views */,
				66B8AE3829B5FB5D00B68C71 /* Models */,
				66B8AE3B29B5FB8D00B68C71 /* Controllers */,
				66BB84A229B5F148000BD7B7 /* Info.plist */,
			);
			path = RickAndMorty;
			sourceTree = "<group>";
		};
/* End PBXGroup section */

/* Begin PBXNativeTarget section */
		66BB849029B5F145000BD7B7 /* RickAndMorty */ = {
			isa = PBXNativeTarget;
			buildConfigurationList = 66BB84A529B5F148000BD7B7 /* Build configuration list for PBXNativeTarget "RickAndMorty" */;
			buildPhases = (
				66BB848D29B5F145000BD7B7 /* Sources */,
				66BB848E29B5F145000BD7B7 /* Frameworks */,
				66BB848F29B5F145000BD7B7 /* Resources */,
			);
			buildRules = (
			);
			dependencies = (
			);
			name = RickAndMorty;
			productName = RickAndMorty;
			productReference = 66BB849129B5F145000BD7B7 /* RickAndMorty.app */;
			productType = "com.apple.product-type.application";
		};
/* End PBXNativeTarget section */

/* Begin PBXProject section */
		66BB848929B5F145000BD7B7 /* Project object */ = {
			isa = PBXProject;
			attributes = {
				BuildIndependentTargetsInParallel = 1;
				LastSwiftUpdateCheck = 1420;
				LastUpgradeCheck = 1420;
				TargetAttributes = {
					66BB849029B5F145000BD7B7 = {
						CreatedOnToolsVersion = 14.2;
					};
				};
			};
			buildConfigurationList = 66BB848C29B5F145000BD7B7 /* Build configuration list for PBXProject "RickAndMorty" */;
			compatibilityVersion = "Xcode 14.0";
			developmentRegion = en;
			hasScannedForEncodings = 0;
			knownRegions = (
				en,
				Base,
			);
			mainGroup = 66BB848829B5F145000BD7B7;
			productRefGroup = 66BB849229B5F145000BD7B7 /* Products */;
			projectDirPath = "";
			projectRoot = "";
			targets = (
				66BB849029B5F145000BD7B7 /* RickAndMorty */,
			);
		};
/* End PBXProject section */

/* Begin PBXResourcesBuildPhase section */
		66BB848F29B5F145000BD7B7 /* Resources */ = {
			isa = PBXResourcesBuildPhase;
			buildActionMask = 2147483647;
			files = (
				66BB84A129B5F148000BD7B7 /* LaunchScreen.storyboard in Resources */,
				66BB849E29B5F148000BD7B7 /* Assets.xcassets in Resources */,
			);
			runOnlyForDeploymentPostprocessing = 0;
		};
/* End PBXResourcesBuildPhase section */

/* Begin PBXSourcesBuildPhase section */
		66BB848D29B5F145000BD7B7 /* Sources */ = {
			isa = PBXSourcesBuildPhase;
			buildActionMask = 2147483647;
			files = (
				66B8AE4929B5FFAF00B68C71 /* RMLocationViewController.swift in Sources */,
				66B8AE4429B5FD2800B68C71 /* RMEpisode.swift in Sources */,
				66BB849929B5F145000BD7B7 /* RMTabBarViewController.swift in Sources */,
				66B8AE4B29B5FFBF00B68C71 /* RMEpisodeViewController.swift in Sources */,
				66BB849529B5F145000BD7B7 /* AppDelegate.swift in Sources */,
				66B8AE4229B5FD1100B68C71 /* RMCharacters.swift in Sources */,
				66B8AE4D29B5FFEC00B68C71 /* RMSettingsViewController.swift in Sources */,
				66BB849729B5F145000BD7B7 /* SceneDelegate.swift in Sources */,
				66B8AE4029B5FCF000B68C71 /* RMLocation.swift in Sources */,
				66B8AE4729B5FF3900B68C71 /* RMCharacterViewController.swift in Sources */,
			);
			runOnlyForDeploymentPostprocessing = 0;
		};
/* End PBXSourcesBuildPhase section */

/* Begin PBXVariantGroup section */
		66BB849F29B5F148000BD7B7 /* LaunchScreen.storyboard */ = {
			isa = PBXVariantGroup;
			children = (
				66BB84A029B5F148000BD7B7 /* Base */,
			);
			name = LaunchScreen.storyboard;
			sourceTree = "<group>";
		};
/* End PBXVariantGroup section */

/* Begin XCBuildConfiguration section */
		66BB84A329B5F148000BD7B7 /* Debug */ = {
			isa = XCBuildConfiguration;
			buildSettings = {
				ALWAYS_SEARCH_USER_PATHS = NO;
				CLANG_ANALYZER_NONNULL = YES;
				CLANG_ANALYZER_NUMBER_OBJECT_CONVERSION = YES_AGGRESSIVE;
				CLANG_CXX_LANGUAGE_STANDARD = "gnu++20";
				CLANG_ENABLE_MODULES = YES;
				CLANG_ENABLE_OBJC_ARC = YES;
				CLANG_ENABLE_OBJC_WEAK = YES;
				CLANG_WARN_BLOCK_CAPTURE_AUTORELEASING = YES;
				CLANG_WARN_BOOL_CONVERSION = YES;
				CLANG_WARN_COMMA = YES;
				CLANG_WARN_CONSTANT_CONVERSION = YES;
				CLANG_WARN_DEPRECATED_OBJC_IMPLEMENTATIONS = YES;
				CLANG_WARN_DIRECT_OBJC_ISA_USAGE = YES_ERROR;
				CLANG_WARN_DOCUMENTATION_COMMENTS = YES;
				CLANG_WARN_EMPTY_BODY = YES;
				CLANG_WARN_ENUM_CONVERSION = YES;
				CLANG_WARN_INFINITE_RECURSION = YES;
				CLANG_WARN_INT_CONVERSION = YES;
				CLANG_WARN_NON_LITERAL_NULL_CONVERSION = YES;
				CLANG_WARN_OBJC_IMPLICIT_RETAIN_SELF = YES;
				CLANG_WARN_OBJC_LITERAL_CONVERSION = YES;
				CLANG_WARN_OBJC_ROOT_CLASS = YES_ERROR;
				CLANG_WARN_QUOTED_INCLUDE_IN_FRAMEWORK_HEADER = YES;
				CLANG_WARN_RANGE_LOOP_ANALYSIS = YES;
				CLANG_WARN_STRICT_PROTOTYPES = YES;
				CLANG_WARN_SUSPICIOUS_MOVE = YES;
				CLANG_WARN_UNGUARDED_AVAILABILITY = YES_AGGRESSIVE;
				CLANG_WARN_UNREACHABLE_CODE = YES;
				CLANG_WARN__DUPLICATE_METHOD_MATCH = YES;
				COPY_PHASE_STRIP = NO;
				DEBUG_INFORMATION_FORMAT = dwarf;
				ENABLE_STRICT_OBJC_MSGSEND = YES;
				ENABLE_TESTABILITY = YES;
				GCC_C_LANGUAGE_STANDARD = gnu11;
				GCC_DYNAMIC_NO_PIC = NO;
				GCC_NO_COMMON_BLOCKS = YES;
				GCC_OPTIMIZATION_LEVEL = 0;
				GCC_PREPROCESSOR_DEFINITIONS = (
					"DEBUG=1",
					"$(inherited)",
				);
				GCC_WARN_64_TO_32_BIT_CONVERSION = YES;
				GCC_WARN_ABOUT_RETURN_TYPE = YES_ERROR;
				GCC_WARN_UNDECLARED_SELECTOR = YES;
				GCC_WARN_UNINITIALIZED_AUTOS = YES_AGGRESSIVE;
				GCC_WARN_UNUSED_FUNCTION = YES;
				GCC_WARN_UNUSED_VARIABLE = YES;
				IPHONEOS_DEPLOYMENT_TARGET = 16.2;
				MTL_ENABLE_DEBUG_INFO = INCLUDE_SOURCE;
				MTL_FAST_MATH = YES;
				ONLY_ACTIVE_ARCH = YES;
				SDKROOT = iphoneos;
				SWIFT_ACTIVE_COMPILATION_CONDITIONS = DEBUG;
				SWIFT_OPTIMIZATION_LEVEL = "-Onone";
			};
			name = Debug;
		};
		66BB84A429B5F148000BD7B7 /* Release */ = {
			isa = XCBuildConfiguration;
			buildSettings = {
				ALWAYS_SEARCH_USER_PATHS = NO;
				CLANG_ANALYZER_NONNULL = YES;
				CLANG_ANALYZER_NUMBER_OBJECT_CONVERSION = YES_AGGRESSIVE;
				CLANG_CXX_LANGUAGE_STANDARD = "gnu++20";
				CLANG_ENABLE_MODULES = YES;
				CLANG_ENABLE_OBJC_ARC = YES;
				CLANG_ENABLE_OBJC_WEAK = YES;
				CLANG_WARN_BLOCK_CAPTURE_AUTORELEASING = YES;
				CLANG_WARN_BOOL_CONVERSION = YES;
				CLANG_WARN_COMMA = YES;
				CLANG_WARN_CONSTANT_CONVERSION = YES;
				CLANG_WARN_DEPRECATED_OBJC_IMPLEMENTATIONS = YES;
				CLANG_WARN_DIRECT_OBJC_ISA_USAGE = YES_ERROR;
				CLANG_WARN_DOCUMENTATION_COMMENTS = YES;
				CLANG_WARN_EMPTY_BODY = YES;
				CLANG_WARN_ENUM_CONVERSION = YES;
				CLANG_WARN_INFINITE_RECURSION = YES;
				CLANG_WARN_INT_CONVERSION = YES;
				CLANG_WARN_NON_LITERAL_NULL_CONVERSION = YES;
				CLANG_WARN_OBJC_IMPLICIT_RETAIN_SELF = YES;
				CLANG_WARN_OBJC_LITERAL_CONVERSION = YES;
				CLANG_WARN_OBJC_ROOT_CLASS = YES_ERROR;
				CLANG_WARN_QUOTED_INCLUDE_IN_FRAMEWORK_HEADER = YES;
				CLANG_WARN_RANGE_LOOP_ANALYSIS = YES;
				CLANG_WARN_STRICT_PROTOTYPES = YES;
				CLANG_WARN_SUSPICIOUS_MOVE = YES;
				CLANG_WARN_UNGUARDED_AVAILABILITY = YES_AGGRESSIVE;
				CLANG_WARN_UNREACHABLE_CODE = YES;
				CLANG_WARN__DUPLICATE_METHOD_MATCH = YES;
				COPY_PHASE_STRIP = NO;
				DEBUG_INFORMATION_FORMAT = "dwarf-with-dsym";
				ENABLE_NS_ASSERTIONS = NO;
				ENABLE_STRICT_OBJC_MSGSEND = YES;
				GCC_C_LANGUAGE_STANDARD = gnu11;
				GCC_NO_COMMON_BLOCKS = YES;
				GCC_WARN_64_TO_32_BIT_CONVERSION = YES;
				GCC_WARN_ABOUT_RETURN_TYPE = YES_ERROR;
				GCC_WARN_UNDECLARED_SELECTOR = YES;
				GCC_WARN_UNINITIALIZED_AUTOS = YES_AGGRESSIVE;
				GCC_WARN_UNUSED_FUNCTION = YES;
				GCC_WARN_UNUSED_VARIABLE = YES;
				IPHONEOS_DEPLOYMENT_TARGET = 16.2;
				MTL_ENABLE_DEBUG_INFO = NO;
				MTL_FAST_MATH = YES;
				SDKROOT = iphoneos;
				SWIFT_COMPILATION_MODE = wholemodule;
				SWIFT_OPTIMIZATION_LEVEL = "-O";
				VALIDATE_PRODUCT = YES;
			};
			name = Release;
		};
		66BB84A629B5F148000BD7B7 /* Debug */ = {
			isa = XCBuildConfiguration;
			buildSettings = {
				ASSETCATALOG_COMPILER_APPICON_NAME = AppIcon;
				ASSETCATALOG_COMPILER_GLOBAL_ACCENT_COLOR_NAME = AccentColor;
				CODE_SIGN_STYLE = Automatic;
				CURRENT_PROJECT_VERSION = 1;
				DEVELOPMENT_TEAM = 965C8H7427;
				GENERATE_INFOPLIST_FILE = YES;
				INFOPLIST_FILE = RickAndMorty/Info.plist;
				INFOPLIST_KEY_UIApplicationSupportsIndirectInputEvents = YES;
				INFOPLIST_KEY_UILaunchStoryboardName = LaunchScreen;
				INFOPLIST_KEY_UISupportedInterfaceOrientations_iPad = "UIInterfaceOrientationPortrait UIInterfaceOrientationPortraitUpsideDown UIInterfaceOrientationLandscapeLeft UIInterfaceOrientationLandscapeRight";
				INFOPLIST_KEY_UISupportedInterfaceOrientations_iPhone = "UIInterfaceOrientationPortrait UIInterfaceOrientationLandscapeLeft UIInterfaceOrientationLandscapeRight";
				LD_RUNPATH_SEARCH_PATHS = (
					"$(inherited)",
					"@executable_path/Frameworks",
				);
				MARKETING_VERSION = 1.0;
				PRODUCT_BUNDLE_IDENTIFIER = com.example.RickAndMorty;
				PRODUCT_NAME = "$(TARGET_NAME)";
				SWIFT_EMIT_LOC_STRINGS = YES;
				SWIFT_VERSION = 5.0;
				TARGETED_DEVICE_FAMILY = "1,2";
			};
			name = Debug;
		};
		66BB84A729B5F148000BD7B7 /* Release */ = {
			isa = XCBuildConfiguration;
			buildSettings = {
				ASSETCATALOG_COMPILER_APPICON_NAME = AppIcon;
				ASSETCATALOG_COMPILER_GLOBAL_ACCENT_COLOR_NAME = AccentColor;
				CODE_SIGN_STYLE = Automatic;
				CURRENT_PROJECT_VERSION = 1;
				DEVELOPMENT_TEAM = 965C8H7427;
				GENERATE_INFOPLIST_FILE = YES;
				INFOPLIST_FILE = RickAndMorty/Info.plist;
				INFOPLIST_KEY_UIApplicationSupportsIndirectInputEvents = YES;
				INFOPLIST_KEY_UILaunchStoryboardName = LaunchScreen;
				INFOPLIST_KEY_UISupportedInterfaceOrientations_iPad = "UIInterfaceOrientationPortrait UIInterfaceOrientationPortraitUpsideDown UIInterfaceOrientationLandscapeLeft UIInterfaceOrientationLandscapeRight";
				INFOPLIST_KEY_UISupportedInterfaceOrientations_iPhone = "UIInterfaceOrientationPortrait UIInterfaceOrientationLandscapeLeft UIInterfaceOrientationLandscapeRight";
				LD_RUNPATH_SEARCH_PATHS = (
					"$(inherited)",
					"@executable_path/Frameworks",
				);
				MARKETING_VERSION = 1.0;
				PRODUCT_BUNDLE_IDENTIFIER = com.example.RickAndMorty;
				PRODUCT_NAME = "$(TARGET_NAME)";
				SWIFT_EMIT_LOC_STRINGS = YES;
				SWIFT_VERSION = 5.0;
				TARGETED_DEVICE_FAMILY = "1,2";
			};
			name = Release;
		};
/* End XCBuildConfiguration section */

/* Begin XCConfigurationList section */
		66BB848C29B5F145000BD7B7 /* Build configuration list for PBXProject "RickAndMorty" */ = {
			isa = XCConfigurationList;
			buildConfigurations = (
				66BB84A329B5F148000BD7B7 /* Debug */,
				66BB84A429B5F148000BD7B7 /* Release */,
			);
			defaultConfigurationIsVisible = 0;
			defaultConfigurationName = Release;
		};
		66BB84A529B5F148000BD7B7 /* Build configuration list for PBXNativeTarget "RickAndMorty" */ = {
			isa = XCConfigurationList;
			buildConfigurations = (
				66BB84A629B5F148000BD7B7 /* Debug */,
				66BB84A729B5F148000BD7B7 /* Release */,
			);
			defaultConfigurationIsVisible = 0;
			defaultConfigurationName = Release;
		};
/* End XCConfigurationList section */
	};
	rootObject = 66BB848929B5F145000BD7B7 /* Project object */;
}
